
Microsoft Visual Studio Solution File, Format Version 12.00
# Visual Studio Version 16
VisualStudioVersion = 16.0.30104.148
MinimumVisualStudioVersion = 10.0.40219.1
Project("{FAE04EC0-301F-11D3-BF4B-00C04F79EFBC}") = "Diplom_41P_SergeevDI", "Diplom_41P_SergeevDI\Diplom_41P_SergeevDI.csproj", "{797E0CFF-1954-4710-B69E-0971BD9BDE19}"
EndProject
Project("{FAE04EC0-301F-11D3-BF4B-00C04F79EFBC}") = "Server", "Server\Server.csproj", "{5F062E0E-579E-4D56-80FD-2B462E5BE369}"
EndProject
Global
	GlobalSection(SolutionConfigurationPlatforms) = preSolution
		Debug|Any CPU = Debug|Any CPU
		Release|Any CPU = Release|Any CPU
	EndGlobalSection
	GlobalSection(ProjectConfigurationPlatforms) = postSolution
		{797E0CFF-1954-4710-B69E-0971BD9BDE19}.Debug|Any CPU.ActiveCfg = Debug|Any CPU
		{797E0CFF-1954-4710-B69E-0971BD9BDE19}.Debug|Any CPU.Build.0 = Debug|Any CPU
		{797E0CFF-1954-4710-B69E-0971BD9BDE19}.Release|Any CPU.ActiveCfg = Release|Any CPU
		{797E0CFF-1954-4710-B69E-0971BD9BDE19}.Release|Any CPU.Build.0 = Release|Any CPU
		{5F062E0E-579E-4D56-80FD-2B462E5BE369}.Debug|Any CPU.ActiveCfg = Debug|Any CPU
		{5F062E0E-579E-4D56-80FD-2B462E5BE369}.Debug|Any CPU.Build.0 = Debug|Any CPU
		{5F062E0E-579E-4D56-80FD-2B462E5BE369}.Release|Any CPU.ActiveCfg = Release|Any CPU
		{5F062E0E-579E-4D56-80FD-2B462E5BE369}.Release|Any CPU.Build.0 = Release|Any CPU
	EndGlobalSection
	GlobalSection(SolutionProperties) = preSolution
		HideSolutionNode = FALSE
	EndGlobalSection
	GlobalSection(ExtensibilityGlobals) = postSolution
		SolutionGuid = {C2C106C5-BB58-4161-8860-86AF03493755}
	EndGlobalSection
EndGlobal
